{
  "name": "@harness/pipeline",
  "version": "0.4.0",
  "lockfileVersion": 3,
  "requires": true,
  "packages": {
    "": {
      "name": "@harness/pipeline",
      "version": "0.4.0",
      "dependencies": {
        "@remotion/install-whisper-cpp": "4.0.526"
      },
      "bin": {
        "harness-voiceover": "voiceover/voiceover.mjs"
      }
    },
    "node_modules/@remotion/captions": {
      "version": "4.0.526",
      "resolved": "https://registry.npmjs.org/@remotion/captions/-/captions-4.0.526.tgz",
      "integrity": "sha512-ZH004/dnCVifqWkZcP03Dum7oAv/I5M+bYW8H+i8TaKPBKaC/Yx/8yO6dbG8YZu3Xm6rIr81YNOm/jsiwe43Jg==",
      "license": "MIT"
    },
    "node_modules/@remotion/install-whisper-cpp": {
      "version": "4.0.526",
      "resolved": "https://registry.npmjs.org/@remotion/install-whisper-cpp/-/install-whisper-cpp-4.0.526.tgz",
      "integrity": "sha512-X10hFPAOpZHWHhWp/vbdfIgSNFAzyRbjg2J/cy1I94OA5Wpnz5+xzr3/HDAy7iPab50x4lX/q8ZKKKnBR74cNA==",
      "license": "SEE LICENSE IN LICENSE.md",
      "dependencies": {
        "@remotion/captions": "4.0.526"
      }
    }
  }
}
